
Microsoft Visual Studio Solution File, Format Version 12.00
# Visual Studio Version 16
VisualStudioVersion = 16.0.30804.86
MinimumVisualStudioVersion = 10.0.40219.1
Project("{FAE04EC0-301F-11D3-BF4B-00C04F79EFBC}") = "Trees", "Trees\Trees.csproj", "{B8DEAA25-F41F-41C2-98DB-AA9F6BD2DF22}"
EndProject
Project("{FAE04EC0-301F-11D3-BF4B-00C04F79EFBC}") = "TreeVisualization", "TreeVisualization\TreeVisualization.csproj", "{D6DBF8C4-F510-4A23-9472-F7502E289F4D}"
EndProject
Global
	GlobalSection(SolutionConfigurationPlatforms) = preSolution
		Debug|Any CPU = Debug|Any CPU
		Release|Any CPU = Release|Any CPU
	EndGlobalSection
	GlobalSection(ProjectConfigurationPlatforms) = postSolution
		{B8DEAA25-F41F-41C2-98DB-AA9F6BD2DF22}.Debug|Any CPU.ActiveCfg = Debug|Any CPU
		{B8DEAA25-F41F-41C2-98DB-AA9F6BD2DF22}.Debug|Any CPU.Build.0 = Debug|Any CPU
		{B8DEAA25-F41F-41C2-98DB-AA9F6BD2DF22}.Release|Any CPU.ActiveCfg = Release|Any CPU
		{B8DEAA25-F41F-41C2-98DB-AA9F6BD2DF22}.Release|Any CPU.Build.0 = Release|Any CPU
		{D6DBF8C4-F510-4A23-9472-F7502E289F4D}.Debug|Any CPU.ActiveCfg = Debug|Any CPU
		{D6DBF8C4-F510-4A23-9472-F7502E289F4D}.Debug|Any CPU.Build.0 = Debug|Any CPU
		{D6DBF8C4-F510-4A23-9472-F7502E289F4D}.Release|Any CPU.ActiveCfg = Release|Any CPU
		{D6DBF8C4-F510-4A23-9472-F7502E289F4D}.Release|Any CPU.Build.0 = Release|Any CPU
	EndGlobalSection
	GlobalSection(SolutionProperties) = preSolution
		HideSolutionNode = FALSE
	EndGlobalSection
	GlobalSection(ExtensibilityGlobals) = postSolution
		SolutionGuid = {6497CD1E-8B35-4474-99D9-59FD10B5FA82}
	EndGlobalSection
EndGlobal
